
Microsoft Visual Studio Solution File, Format Version 12.00
# Visual Studio Version 16
VisualStudioVersion = 16.0.31424.327
MinimumVisualStudioVersion = 10.0.40219.1
Project("{9A19103F-16F7-4668-BE54-9A1E7A4F7556}") = "OnlineBookStore", "OnlineBookStore\OnlineBookStore.csproj", "{EF61FB61-D056-488E-8F69-4CA127482E90}"
EndProject
Project("{FAE04EC0-301F-11D3-BF4B-00C04F79EFBC}") = "OnlineBookStore.DataAccess", "OnlineBookStore.DataAccess\OnlineBookStore.DataAccess.csproj", "{954D0C38-FDA9-47C1-AF11-19BE53B2697D}"
EndProject
Project("{FAE04EC0-301F-11D3-BF4B-00C04F79EFBC}") = "OnlineBookStore.Models", "OnlineBookStore.Models\OnlineBookStore.Models.csproj", "{15011980-A4CB-4F0D-AEA6-7A757C6E31C8}"
EndProject
Project("{FAE04EC0-301F-11D3-BF4B-00C04F79EFBC}") = "OnlineBookStore.Utility", "OnlineBookStore.Utility\OnlineBookStore.Utility.csproj", "{4B5EF62F-4964-4F0A-BF14-41737596BC44}"
EndProject
Global
	GlobalSection(SolutionConfigurationPlatforms) = preSolution
		Debug|Any CPU = Debug|Any CPU
		Release|Any CPU = Release|Any CPU
	EndGlobalSection
	GlobalSection(ProjectConfigurationPlatforms) = postSolution
		{EF61FB61-D056-488E-8F69-4CA127482E90}.Debug|Any CPU.ActiveCfg = Debug|Any CPU
		{EF61FB61-D056-488E-8F69-4CA127482E90}.Debug|Any CPU.Build.0 = Debug|Any CPU
		{EF61FB61-D056-488E-8F69-4CA127482E90}.Release|Any CPU.ActiveCfg = Release|Any CPU
		{EF61FB61-D056-488E-8F69-4CA127482E90}.Release|Any CPU.Build.0 = Release|Any CPU
		{954D0C38-FDA9-47C1-AF11-19BE53B2697D}.Debug|Any CPU.ActiveCfg = Debug|Any CPU
		{954D0C38-FDA9-47C1-AF11-19BE53B2697D}.Debug|Any CPU.Build.0 = Debug|Any CPU
		{954D0C38-FDA9-47C1-AF11-19BE53B2697D}.Release|Any CPU.ActiveCfg = Release|Any CPU
		{954D0C38-FDA9-47C1-AF11-19BE53B2697D}.Release|Any CPU.Build.0 = Release|Any CPU
		{15011980-A4CB-4F0D-AEA6-7A757C6E31C8}.Debug|Any CPU.ActiveCfg = Debug|Any CPU
		{15011980-A4CB-4F0D-AEA6-7A757C6E31C8}.Debug|Any CPU.Build.0 = Debug|Any CPU
		{15011980-A4CB-4F0D-AEA6-7A757C6E31C8}.Release|Any CPU.ActiveCfg = Release|Any CPU
		{15011980-A4CB-4F0D-AEA6-7A757C6E31C8}.Release|Any CPU.Build.0 = Release|Any CPU
		{4B5EF62F-4964-4F0A-BF14-41737596BC44}.Debug|Any CPU.ActiveCfg = Debug|Any CPU
		{4B5EF62F-4964-4F0A-BF14-41737596BC44}.Debug|Any CPU.Build.0 = Debug|Any CPU
		{4B5EF62F-4964-4F0A-BF14-41737596BC44}.Release|Any CPU.ActiveCfg = Release|Any CPU
		{4B5EF62F-4964-4F0A-BF14-41737596BC44}.Release|Any CPU.Build.0 = Release|Any CPU
	EndGlobalSection
	GlobalSection(SolutionProperties) = preSolution
		HideSolutionNode = FALSE
	EndGlobalSection
	GlobalSection(ExtensibilityGlobals) = postSolution
		SolutionGuid = {8B9C7552-7FA6-4F3E-BED1-54FA514E212E}
	EndGlobalSection
EndGlobal
